// !$*UTF8*$!
{
	archiveVersion = 1;
	classes = {
	};
	objectVersion = 50;
	objects = {

/* Begin PBXBuildFile section */
		0458CC7D227D44880079C788 /* AppDelegate.swift in Sources */ = {isa = PBXBuildFile; fileRef = 0458CC7C227D44880079C788 /* AppDelegate.swift */; };
		0458CC7F227D44880079C788 /* ViewController.swift in Sources */ = {isa = PBXBuildFile; fileRef = 0458CC7E227D44880079C788 /* ViewController.swift */; };
		0458CC82227D44880079C788 /* Main.storyboard in Resources */ = {isa = PBXBuildFile; fileRef = 0458CC80227D44880079C788 /* Main.storyboard */; };
		0458CC87227D44880079C788 /* LaunchScreen.storyboard in Resources */ = {isa = PBXBuildFile; fileRef = 0458CC85227D44880079C788 /* LaunchScreen.storyboard */; };
		0467C91622817A200016308B /* MenuView.xib in Resources */ = {isa = PBXBuildFile; fileRef = 0467C91522817A200016308B /* MenuView.xib */; };
		0467C91822817A2F0016308B /* MenuView.swift in Sources */ = {isa = PBXBuildFile; fileRef = 0467C91722817A2F0016308B /* MenuView.swift */; };
		0475BFEB227D93CE00E4D290 /* SearchBarController.swift in Sources */ = {isa = PBXBuildFile; fileRef = 0475BFEA227D93CE00E4D290 /* SearchBarController.swift */; };
		0475BFED227D974900E4D290 /* SearchBar.xib in Resources */ = {isa = PBXBuildFile; fileRef = 0475BFEC227D974900E4D290 /* SearchBar.xib */; };
		0475BFEF227D9D1A00E4D290 /* Assets.xcassets in Resources */ = {isa = PBXBuildFile; fileRef = 0475BFEE227D9D1A00E4D290 /* Assets.xcassets */; };
		0494D48B22801674003A22F6 /* SearchBarDelegate.swift in Sources */ = {isa = PBXBuildFile; fileRef = 0494D48A22801674003A22F6 /* SearchBarDelegate.swift */; };
		0494D48D228023B5003A22F6 /* SearchScreenDelegate.swift in Sources */ = {isa = PBXBuildFile; fileRef = 0494D48C228023B5003A22F6 /* SearchScreenDelegate.swift */; };
		0494D496228039A1003A22F6 /* DiscoveryView.xib in Resources */ = {isa = PBXBuildFile; fileRef = 0494D495228039A1003A22F6 /* DiscoveryView.xib */; };
		0494D498228039B1003A22F6 /* DiscoveryView.swift in Sources */ = {isa = PBXBuildFile; fileRef = 0494D497228039B1003A22F6 /* DiscoveryView.swift */; };
		04B69C11227FCAD0007386EB /* Extension+View.swift in Sources */ = {isa = PBXBuildFile; fileRef = 04B69C10227FCAD0007386EB /* Extension+View.swift */; };
		04B69C14227FE42B007386EB /* InputSearch.xib in Resources */ = {isa = PBXBuildFile; fileRef = 04B69C13227FE42B007386EB /* InputSearch.xib */; };
		04B69C16227FE446007386EB /* SearchScreen.storyboard in Resources */ = {isa = PBXBuildFile; fileRef = 04B69C15227FE446007386EB /* SearchScreen.storyboard */; };
		04B69C18227FE460007386EB /* InputSearchController.swift in Sources */ = {isa = PBXBuildFile; fileRef = 04B69C17227FE460007386EB /* InputSearchController.swift */; };
		04B69C1B227FE955007386EB /* SearchScreenController.swift in Sources */ = {isa = PBXBuildFile; fileRef = 04B69C1A227FE955007386EB /* SearchScreenController.swift */; };
		04B69C1E227FE99B007386EB /* CellAdressController.swift in Sources */ = {isa = PBXBuildFile; fileRef = 04B69C1D227FE99B007386EB /* CellAdressController.swift */; };
		04B69C20227FE9BC007386EB /* CellAdress.xib in Resources */ = {isa = PBXBuildFile; fileRef = 04B69C1F227FE9BC007386EB /* CellAdress.xib */; };
		D686B730C30BC930C339B930 /* Pods_map4dPlus.framework in Frameworks */ = {isa = PBXBuildFile; fileRef = 0C244A48319589CF414BB878 /* Pods_map4dPlus.framework */; };
/* End PBXBuildFile section */

/* Begin PBXFileReference section */
		037A4414020304E40E038C8E /* Pods-map4dPlus.debug.xcconfig */ = {isa = PBXFileReference; includeInIndex = 1; lastKnownFileType = text.xcconfig; name = "Pods-map4dPlus.debug.xcconfig"; path = "Target Support Files/Pods-map4dPlus/Pods-map4dPlus.debug.xcconfig"; sourceTree = "<group>"; };
		0458CC79227D44880079C788 /* map4dPlus.app */ = {isa = PBXFileReference; explicitFileType = wrapper.application; includeInIndex = 0; path = map4dPlus.app; sourceTree = BUILT_PRODUCTS_DIR; };
		0458CC7C227D44880079C788 /* AppDelegate.swift */ = {isa = PBXFileReference; lastKnownFileType = sourcecode.swift; path = AppDelegate.swift; sourceTree = "<group>"; };
		0458CC7E227D44880079C788 /* ViewController.swift */ = {isa = PBXFileReference; lastKnownFileType = sourcecode.swift; path = ViewController.swift; sourceTree = "<group>"; };
		0458CC81227D44880079C788 /* Base */ = {isa = PBXFileReference; lastKnownFileType = file.storyboard; name = Base; path = Base.lproj/Main.storyboard; sourceTree = "<group>"; };
		0458CC86227D44880079C788 /* Base */ = {isa = PBXFileReference; lastKnownFileType = file.storyboard; name = Base; path = Base.lproj/LaunchScreen.storyboard; sourceTree = "<group>"; };
		0458CC88227D44880079C788 /* Info.plist */ = {isa = PBXFileReference; lastKnownFileType = text.plist.xml; path = Info.plist; sourceTree = "<group>"; };
		0467C91522817A200016308B /* MenuView.xib */ = {isa = PBXFileReference; lastKnownFileType = file.xib; path = MenuView.xib; sourceTree = "<group>"; };
		0467C91722817A2F0016308B /* MenuView.swift */ = {isa = PBXFileReference; lastKnownFileType = sourcecode.swift; path = MenuView.swift; sourceTree = "<group>"; };
		0475BFEA227D93CE00E4D290 /* SearchBarController.swift */ = {isa = PBXFileReference; lastKnownFileType = sourcecode.swift; path = SearchBarController.swift; sourceTree = "<group>"; };
		0475BFEC227D974900E4D290 /* SearchBar.xib */ = {isa = PBXFileReference; lastKnownFileType = file.xib; path = SearchBar.xib; sourceTree = "<group>"; };
		0475BFEE227D9D1A00E4D290 /* Assets.xcassets */ = {isa = PBXFileReference; lastKnownFileType = folder.assetcatalog; name = Assets.xcassets; path = "../../../../../ProjectIOTLink/map4d-ios/map4d/map4d/Assets.xcassets"; sourceTree = "<group>"; };
		0494D48A22801674003A22F6 /* SearchBarDelegate.swift */ = {isa = PBXFileReference; lastKnownFileType = sourcecode.swift; path = SearchBarDelegate.swift; sourceTree = "<group>"; };
		0494D48C228023B5003A22F6 /* SearchScreenDelegate.swift */ = {isa = PBXFileReference; lastKnownFileType = sourcecode.swift; path = SearchScreenDelegate.swift; sourceTree = "<group>"; };
		0494D495228039A1003A22F6 /* DiscoveryView.xib */ = {isa = PBXFileReference; lastKnownFileType = file.xib; path = DiscoveryView.xib; sourceTree = "<group>"; };
		0494D497228039B1003A22F6 /* DiscoveryView.swift */ = {isa = PBXFileReference; lastKnownFileType = sourcecode.swift; path = DiscoveryView.swift; sourceTree = "<group>"; };
		04B69C10227FCAD0007386EB /* Extension+View.swift */ = {isa = PBXFileReference; lastKnownFileType = sourcecode.swift; path = "Extension+View.swift"; sourceTree = "<group>"; };
		04B69C13227FE42B007386EB /* InputSearch.xib */ = {isa = PBXFileReference; lastKnownFileType = file.xib; path = InputSearch.xib; sourceTree = "<group>"; };
		04B69C15227FE446007386EB /* SearchScreen.storyboard */ = {isa = PBXFileReference; lastKnownFileType = file.storyboard; path = SearchScreen.storyboard; sourceTree = "<group>"; };
		04B69C17227FE460007386EB /* InputSearchController.swift */ = {isa = PBXFileReference; lastKnownFileType = sourcecode.swift; path = InputSearchController.swift; sourceTree = "<group>"; };
		04B69C1A227FE955007386EB /* SearchScreenController.swift */ = {isa = PBXFileReference; lastKnownFileType = sourcecode.swift; path = SearchScreenController.swift; sourceTree = "<group>"; };
		04B69C1D227FE99B007386EB /* CellAdressController.swift */ = {isa = PBXFileReference; lastKnownFileType = sourcecode.swift; path = CellAdressController.swift; sourceTree = "<group>"; };
		04B69C1F227FE9BC007386EB /* CellAdress.xib */ = {isa = PBXFileReference; lastKnownFileType = file.xib; path = CellAdress.xib; sourceTree = "<group>"; };
		0C244A48319589CF414BB878 /* Pods_map4dPlus.framework */ = {isa = PBXFileReference; explicitFileType = wrapper.framework; includeInIndex = 0; path = Pods_map4dPlus.framework; sourceTree = BUILT_PRODUCTS_DIR; };
		77797DE899412DF1B46ABF17 /* Pods-map4dPlus.release.xcconfig */ = {isa = PBXFileReference; includeInIndex = 1; lastKnownFileType = text.xcconfig; name = "Pods-map4dPlus.release.xcconfig"; path = "Target Support Files/Pods-map4dPlus/Pods-map4dPlus.release.xcconfig"; sourceTree = "<group>"; };
/* End PBXFileReference section */

/* Begin PBXFrameworksBuildPhase section */
		0458CC76227D44880079C788 /* Frameworks */ = {
			isa = PBXFrameworksBuildPhase;
			buildActionMask = 2147483647;
			files = (
				D686B730C30BC930C339B930 /* Pods_map4dPlus.framework in Frameworks */,
			);
			runOnlyForDeploymentPostprocessing = 0;
		};
/* End PBXFrameworksBuildPhase section */

/* Begin PBXGroup section */
		0458CC70227D44880079C788 = {
			isa = PBXGroup;
			children = (
				0458CC7B227D44880079C788 /* map4dPlus */,
				0458CC7A227D44880079C788 /* Products */,
				38682664CD33734577072B21 /* Pods */,
				3D27C7692A7C144AA57060A3 /* Frameworks */,
			);
			sourceTree = "<group>";
		};
		0458CC7A227D44880079C788 /* Products */ = {
			isa = PBXGroup;
			children = (
				0458CC79227D44880079C788 /* map4dPlus.app */,
			);
			name = Products;
			sourceTree = "<group>";
		};
		0458CC7B227D44880079C788 /* map4dPlus */ = {
			isa = PBXGroup;
			children = (
				04B69C19227FE906007386EB /* SearchScreen */,
				0475BFE5227D901700E4D290 /* Extensions */,
				0458CC8E227D4EB00079C788 /* MainScreen */,
				0458CC7C227D44880079C788 /* AppDelegate.swift */,
				0475BFEE227D9D1A00E4D290 /* Assets.xcassets */,
				0458CC7E227D44880079C788 /* ViewController.swift */,
				0458CC80227D44880079C788 /* Main.storyboard */,
				0458CC85227D44880079C788 /* LaunchScreen.storyboard */,
				0458CC88227D44880079C788 /* Info.plist */,
			);
			path = map4dPlus;
			sourceTree = "<group>";
		};
		0458CC8E227D4EB00079C788 /* MainScreen */ = {
			isa = PBXGroup;
			children = (
				0467C91422817A070016308B /* Menu */,
				0494D4942280398D003A22F6 /* Discovery */,
				0494D49322803960003A22F6 /* SearchBar */,
			);
			name = MainScreen;
			path = ..;
			sourceTree = "<group>";
		};
		0467C91422817A070016308B /* Menu */ = {
			isa = PBXGroup;
			children = (
				0467C91522817A200016308B /* MenuView.xib */,
				0467C91722817A2F0016308B /* MenuView.swift */,
			);
			name = Menu;
			sourceTree = "<group>";
		};
		0475BFE5227D901700E4D290 /* Extensions */ = {
			isa = PBXGroup;
			children = (
				04B69C10227FCAD0007386EB /* Extension+View.swift */,
			);
			name = Extensions;
			sourceTree = "<group>";
		};
		0494D49322803960003A22F6 /* SearchBar */ = {
			isa = PBXGroup;
			children = (
				0475BFEA227D93CE00E4D290 /* SearchBarController.swift */,
				0475BFEC227D974900E4D290 /* SearchBar.xib */,
				0494D48A22801674003A22F6 /* SearchBarDelegate.swift */,
			);
			name = SearchBar;
			sourceTree = "<group>";
		};
		0494D4942280398D003A22F6 /* Discovery */ = {
			isa = PBXGroup;
			children = (
				0494D495228039A1003A22F6 /* DiscoveryView.xib */,
				0494D497228039B1003A22F6 /* DiscoveryView.swift */,
			);
			path = Discovery;
			sourceTree = "<group>";
		};
		04B69C12227FE40D007386EB /* InputSearch */ = {
			isa = PBXGroup;
			children = (
				04B69C17227FE460007386EB /* InputSearchController.swift */,
				04B69C13227FE42B007386EB /* InputSearch.xib */,
			);
			name = InputSearch;
			path = ..;
			sourceTree = "<group>";
		};
		04B69C19227FE906007386EB /* SearchScreen */ = {
			isa = PBXGroup;
			children = (
				04B69C1C227FE987007386EB /* CellTable */,
				04B69C15227FE446007386EB /* SearchScreen.storyboard */,
				0494D48C228023B5003A22F6 /* SearchScreenDelegate.swift */,
				04B69C1A227FE955007386EB /* SearchScreenController.swift */,
				04B69C12227FE40D007386EB /* InputSearch */,
			);
			path = SearchScreen;
			sourceTree = "<group>";
		};
		04B69C1C227FE987007386EB /* CellTable */ = {
			isa = PBXGroup;
			children = (
				04B69C1D227FE99B007386EB /* CellAdressController.swift */,
				04B69C1F227FE9BC007386EB /* CellAdress.xib */,
			);
			name = CellTable;
			sourceTree = "<group>";
		};
		38682664CD33734577072B21 /* Pods */ = {
			isa = PBXGroup;
			children = (
				037A4414020304E40E038C8E /* Pods-map4dPlus.debug.xcconfig */,
				77797DE899412DF1B46ABF17 /* Pods-map4dPlus.release.xcconfig */,
			);
			path = Pods;
			sourceTree = "<group>";
		};
		3D27C7692A7C144AA57060A3 /* Frameworks */ = {
			isa = PBXGroup;
			children = (
				0C244A48319589CF414BB878 /* Pods_map4dPlus.framework */,
			);
			name = Frameworks;
			sourceTree = "<group>";
		};
/* End PBXGroup section */

/* Begin PBXNativeTarget section */
		0458CC78227D44880079C788 /* map4dPlus */ = {
			isa = PBXNativeTarget;
			buildConfigurationList = 0458CC8B227D44880079C788 /* Build configuration list for PBXNativeTarget "map4dPlus" */;
			buildPhases = (
				72C9DDC45956AA6BC22505DE /* [CP] Check Pods Manifest.lock */,
				0458CC75227D44880079C788 /* Sources */,
				0458CC76227D44880079C788 /* Frameworks */,
				0458CC77227D44880079C788 /* Resources */,
				ACA437F590EF6FE1C3304E71 /* [CP] Embed Pods Frameworks */,
				0475BFE2227D781E00E4D290 /* ShellScript */,
			);
			buildRules = (
			);
			dependencies = (
			);
			name = map4dPlus;
			productName = map4dPlus;
			productReference = 0458CC79227D44880079C788 /* map4dPlus.app */;
			productType = "com.apple.product-type.application";
		};
/* End PBXNativeTarget section */

/* Begin PBXProject section */
		0458CC71227D44880079C788 /* Project object */ = {
			isa = PBXProject;
			attributes = {
				LastSwiftUpdateCheck = 1020;
				LastUpgradeCheck = 1020;
				ORGANIZATIONNAME = IOTLink;
				TargetAttributes = {
					0458CC78227D44880079C788 = {
						CreatedOnToolsVersion = 10.2;
					};
				};
			};
			buildConfigurationList = 0458CC74227D44880079C788 /* Build configuration list for PBXProject "map4dPlus" */;
			compatibilityVersion = "Xcode 9.3";
			developmentRegion = en;
			hasScannedForEncodings = 0;
			knownRegions = (
				en,
				Base,
			);
			mainGroup = 0458CC70227D44880079C788;
			productRefGroup = 0458CC7A227D44880079C788 /* Products */;
			projectDirPath = "";
			projectRoot = "";
			targets = (
				0458CC78227D44880079C788 /* map4dPlus */,
			);
		};
/* End PBXProject section */

/* Begin PBXResourcesBuildPhase section */
		0458CC77227D44880079C788 /* Resources */ = {
			isa = PBXResourcesBuildPhase;
			buildActionMask = 2147483647;
			files = (
				04B69C14227FE42B007386EB /* InputSearch.xib in Resources */,
				04B69C16227FE446007386EB /* SearchScreen.storyboard in Resources */,
				0458CC87227D44880079C788 /* LaunchScreen.storyboard in Resources */,
				0475BFED227D974900E4D290 /* SearchBar.xib in Resources */,
				0467C91622817A200016308B /* MenuView.xib in Resources */,
				04B69C20227FE9BC007386EB /* CellAdress.xib in Resources */,
				0475BFEF227D9D1A00E4D290 /* Assets.xcassets in Resources */,
				0494D496228039A1003A22F6 /* DiscoveryView.xib in Resources */,
				0458CC82227D44880079C788 /* Main.storyboard in Resources */,
			);
			runOnlyForDeploymentPostprocessing = 0;
		};
/* End PBXResourcesBuildPhase section */

/* Begin PBXShellScriptBuildPhase section */
		0475BFE2227D781E00E4D290 /* ShellScript */ = {
			isa = PBXShellScriptBuildPhase;
			buildActionMask = 12;
			files = (
			);
			inputFileListPaths = (
			);
			inputPaths = (
			);
			outputFileListPaths = (
			);
			outputPaths = (
			);
			runOnlyForDeploymentPostprocessing = 0;
			shellPath = /bin/sh;
			shellScript = "
";
		};
		72C9DDC45956AA6BC22505DE /* [CP] Check Pods Manifest.lock */ = {
			isa = PBXShellScriptBuildPhase;
			buildActionMask = 2147483647;
			files = (
			);
			inputFileListPaths = (
			);
			inputPaths = (
				"${PODS_PODFILE_DIR_PATH}/Podfile.lock",
				"${PODS_ROOT}/Manifest.lock",
			);
			name = "[CP] Check Pods Manifest.lock";
			outputFileListPaths = (
			);
			outputPaths = (
				"$(DERIVED_FILE_DIR)/Pods-map4dPlus-checkManifestLockResult.txt",
			);
			runOnlyForDeploymentPostprocessing = 0;
			shellPath = /bin/sh;
			shellScript = "diff \"${PODS_PODFILE_DIR_PATH}/Podfile.lock\" \"${PODS_ROOT}/Manifest.lock\" > /dev/null\nif [ $? != 0 ] ; then\n    # print error to STDERR\n    echo \"error: The sandbox is not in sync with the Podfile.lock. Run 'pod install' or update your CocoaPods installation.\" >&2\n    exit 1\nfi\n# This output is used by Xcode 'outputs' to avoid re-running this script phase.\necho \"SUCCESS\" > \"${SCRIPT_OUTPUT_FILE_0}\"\n";
			showEnvVarsInLog = 0;
		};
		ACA437F590EF6FE1C3304E71 /* [CP] Embed Pods Frameworks */ = {
			isa = PBXShellScriptBuildPhase;
			buildActionMask = 2147483647;
			files = (
			);
			inputFileListPaths = (
			);
			inputPaths = (
				"${PODS_ROOT}/Target Support Files/Pods-map4dPlus/Pods-map4dPlus-frameworks.sh",
				"${PODS_ROOT}/map4dsdk/sdk/map4dsdk.framework",
			);
			name = "[CP] Embed Pods Frameworks";
			outputFileListPaths = (
			);
			outputPaths = (
				"${TARGET_BUILD_DIR}/${FRAMEWORKS_FOLDER_PATH}/map4dsdk.framework",
			);
			runOnlyForDeploymentPostprocessing = 0;
			shellPath = /bin/sh;
			shellScript = "\"${PODS_ROOT}/Target Support Files/Pods-map4dPlus/Pods-map4dPlus-frameworks.sh\"\n";
			showEnvVarsInLog = 0;
		};
/* End PBXShellScriptBuildPhase section */

/* Begin PBXSourcesBuildPhase section */
		0458CC75227D44880079C788 /* Sources */ = {
			isa = PBXSourcesBuildPhase;
			buildActionMask = 2147483647;
			files = (
				0494D48B22801674003A22F6 /* SearchBarDelegate.swift in Sources */,
				04B69C18227FE460007386EB /* InputSearchController.swift in Sources */,
				0494D48D228023B5003A22F6 /* SearchScreenDelegate.swift in Sources */,
				04B69C1B227FE955007386EB /* SearchScreenController.swift in Sources */,
				0494D498228039B1003A22F6 /* DiscoveryView.swift in Sources */,
				04B69C1E227FE99B007386EB /* CellAdressController.swift in Sources */,
				0458CC7F227D44880079C788 /* ViewController.swift in Sources */,
				0467C91822817A2F0016308B /* MenuView.swift in Sources */,
				0458CC7D227D44880079C788 /* AppDelegate.swift in Sources */,
				04B69C11227FCAD0007386EB /* Extension+View.swift in Sources */,
				0475BFEB227D93CE00E4D290 /* SearchBarController.swift in Sources */,
			);
			runOnlyForDeploymentPostprocessing = 0;
		};
/* End PBXSourcesBuildPhase section */

/* Begin PBXVariantGroup section */
		0458CC80227D44880079C788 /* Main.storyboard */ = {
			isa = PBXVariantGroup;
			children = (
				0458CC81227D44880079C788 /* Base */,
			);
			name = Main.storyboard;
			sourceTree = "<group>";
		};
		0458CC85227D44880079C788 /* LaunchScreen.storyboard */ = {
			isa = PBXVariantGroup;
			children = (
				0458CC86227D44880079C788 /* Base */,
			);
			name = LaunchScreen.storyboard;
			sourceTree = "<group>";
		};
/* End PBXVariantGroup section */

/* Begin XCBuildConfiguration section */
		0458CC89227D44880079C788 /* Debug */ = {
			isa = XCBuildConfiguration;
			buildSettings = {
				ALWAYS_SEARCH_USER_PATHS = NO;
				CLANG_ANALYZER_NONNULL = YES;
				CLANG_ANALYZER_NUMBER_OBJECT_CONVERSION = YES_AGGRESSIVE;
				CLANG_CXX_LANGUAGE_STANDARD = "gnu++14";
				CLANG_CXX_LIBRARY = "libc++";
				CLANG_ENABLE_MODULES = YES;
				CLANG_ENABLE_OBJC_ARC = YES;
				CLANG_ENABLE_OBJC_WEAK = YES;
				CLANG_WARN_BLOCK_CAPTURE_AUTORELEASING = YES;
				CLANG_WARN_BOOL_CONVERSION = YES;
				CLANG_WARN_COMMA = YES;
				CLANG_WARN_CONSTANT_CONVERSION = YES;
				CLANG_WARN_DEPRECATED_OBJC_IMPLEMENTATIONS = YES;
				CLANG_WARN_DIRECT_OBJC_ISA_USAGE = YES_ERROR;
				CLANG_WARN_DOCUMENTATION_COMMENTS = YES;
				CLANG_WARN_EMPTY_BODY = YES;
				CLANG_WARN_ENUM_CONVERSION = YES;
				CLANG_WARN_INFINITE_RECURSION = YES;
				CLANG_WARN_INT_CONVERSION = YES;
				CLANG_WARN_NON_LITERAL_NULL_CONVERSION = YES;
				CLANG_WARN_OBJC_IMPLICIT_RETAIN_SELF = YES;
				CLANG_WARN_OBJC_LITERAL_CONVERSION = YES;
				CLANG_WARN_OBJC_ROOT_CLASS = YES_ERROR;
				CLANG_WARN_RANGE_LOOP_ANALYSIS = YES;
				CLANG_WARN_STRICT_PROTOTYPES = YES;
				CLANG_WARN_SUSPICIOUS_MOVE = YES;
				CLANG_WARN_UNGUARDED_AVAILABILITY = YES_AGGRESSIVE;
				CLANG_WARN_UNREACHABLE_CODE = YES;
				CLANG_WARN__DUPLICATE_METHOD_MATCH = YES;
				CODE_SIGN_IDENTITY = "iPhone Developer";
				COPY_PHASE_STRIP = NO;
				DEBUG_INFORMATION_FORMAT = dwarf;
				ENABLE_STRICT_OBJC_MSGSEND = YES;
				ENABLE_TESTABILITY = YES;
				GCC_C_LANGUAGE_STANDARD = gnu11;
				GCC_DYNAMIC_NO_PIC = NO;
				GCC_NO_COMMON_BLOCKS = YES;
				GCC_OPTIMIZATION_LEVEL = 0;
				GCC_PREPROCESSOR_DEFINITIONS = (
					"DEBUG=1",
					"$(inherited)",
				);
				GCC_WARN_64_TO_32_BIT_CONVERSION = YES;
				GCC_WARN_ABOUT_RETURN_TYPE = YES_ERROR;
				GCC_WARN_UNDECLARED_SELECTOR = YES;
				GCC_WARN_UNINITIALIZED_AUTOS = YES_AGGRESSIVE;
				GCC_WARN_UNUSED_FUNCTION = YES;
				GCC_WARN_UNUSED_VARIABLE = YES;
				IPHONEOS_DEPLOYMENT_TARGET = 12.2;
				MTL_ENABLE_DEBUG_INFO = INCLUDE_SOURCE;
				MTL_FAST_MATH = YES;
				ONLY_ACTIVE_ARCH = YES;
				SDKROOT = iphoneos;
				SWIFT_ACTIVE_COMPILATION_CONDITIONS = DEBUG;
				SWIFT_OPTIMIZATION_LEVEL = "-Onone";
			};
			name = Debug;
		};
		0458CC8A227D44880079C788 /* Release */ = {
			isa = XCBuildConfiguration;
			buildSettings = {
				ALWAYS_SEARCH_USER_PATHS = NO;
				CLANG_ANALYZER_NONNULL = YES;
				CLANG_ANALYZER_NUMBER_OBJECT_CONVERSION = YES_AGGRESSIVE;
				CLANG_CXX_LANGUAGE_STANDARD = "gnu++14";
				CLANG_CXX_LIBRARY = "libc++";
				CLANG_ENABLE_MODULES = YES;
				CLANG_ENABLE_OBJC_ARC = YES;
				CLANG_ENABLE_OBJC_WEAK = YES;
				CLANG_WARN_BLOCK_CAPTURE_AUTORELEASING = YES;
				CLANG_WARN_BOOL_CONVERSION = YES;
				CLANG_WARN_COMMA = YES;
				CLANG_WARN_CONSTANT_CONVERSION = YES;
				CLANG_WARN_DEPRECATED_OBJC_IMPLEMENTATIONS = YES;
				CLANG_WARN_DIRECT_OBJC_ISA_USAGE = YES_ERROR;
				CLANG_WARN_DOCUMENTATION_COMMENTS = YES;
				CLANG_WARN_EMPTY_BODY = YES;
				CLANG_WARN_ENUM_CONVERSION = YES;
				CLANG_WARN_INFINITE_RECURSION = YES;
				CLANG_WARN_INT_CONVERSION = YES;
				CLANG_WARN_NON_LITERAL_NULL_CONVERSION = YES;
				CLANG_WARN_OBJC_IMPLICIT_RETAIN_SELF = YES;
				CLANG_WARN_OBJC_LITERAL_CONVERSION = YES;
				CLANG_WARN_OBJC_ROOT_CLASS = YES_ERROR;
				CLANG_WARN_RANGE_LOOP_ANALYSIS = YES;
				CLANG_WARN_STRICT_PROTOTYPES = YES;
				CLANG_WARN_SUSPICIOUS_MOVE = YES;
				CLANG_WARN_UNGUARDED_AVAILABILITY = YES_AGGRESSIVE;
				CLANG_WARN_UNREACHABLE_CODE = YES;
				CLANG_WARN__DUPLICATE_METHOD_MATCH = YES;
				CODE_SIGN_IDENTITY = "iPhone Developer";
				COPY_PHASE_STRIP = NO;
				DEBUG_INFORMATION_FORMAT = "dwarf-with-dsym";
				ENABLE_NS_ASSERTIONS = NO;
				ENABLE_STRICT_OBJC_MSGSEND = YES;
				GCC_C_LANGUAGE_STANDARD = gnu11;
				GCC_NO_COMMON_BLOCKS = YES;
				GCC_WARN_64_TO_32_BIT_CONVERSION = YES;
				GCC_WARN_ABOUT_RETURN_TYPE = YES_ERROR;
				GCC_WARN_UNDECLARED_SELECTOR = YES;
				GCC_WARN_UNINITIALIZED_AUTOS = YES_AGGRESSIVE;
				GCC_WARN_UNUSED_FUNCTION = YES;
				GCC_WARN_UNUSED_VARIABLE = YES;
				IPHONEOS_DEPLOYMENT_TARGET = 12.2;
				MTL_ENABLE_DEBUG_INFO = NO;
				MTL_FAST_MATH = YES;
				SDKROOT = iphoneos;
				SWIFT_COMPILATION_MODE = wholemodule;
				SWIFT_OPTIMIZATION_LEVEL = "-O";
				VALIDATE_PRODUCT = YES;
			};
			name = Release;
		};
		0458CC8C227D44880079C788 /* Debug */ = {
			isa = XCBuildConfiguration;
			baseConfigurationReference = 037A4414020304E40E038C8E /* Pods-map4dPlus.debug.xcconfig */;
			buildSettings = {
				ASSETCATALOG_COMPILER_APPICON_NAME = AppIcon;
				CODE_SIGN_STYLE = Automatic;
				FRAMEWORK_SEARCH_PATHS = (
					"$(inherited)",
					"$(PROJECT_DIR)/Carthage/Build/iOS",
				);
				INFOPLIST_FILE = map4dPlus/Info.plist;
				LD_RUNPATH_SEARCH_PATHS = (
					"$(inherited)",
					"@executable_path/Frameworks",
				);
				PRODUCT_BUNDLE_IDENTIFIER = com.example.map4dPlus;
				PRODUCT_NAME = "$(TARGET_NAME)";
				SWIFT_VERSION = 5.0;
				TARGETED_DEVICE_FAMILY = "1,2";
			};
			name = Debug;
		};
		0458CC8D227D44880079C788 /* Release */ = {
			isa = XCBuildConfiguration;
			baseConfigurationReference = 77797DE899412DF1B46ABF17 /* Pods-map4dPlus.release.xcconfig */;
			buildSettings = {
				ASSETCATALOG_COMPILER_APPICON_NAME = AppIcon;
				CODE_SIGN_STYLE = Automatic;
				FRAMEWORK_SEARCH_PATHS = (
					"$(inherited)",
					"$(PROJECT_DIR)/Carthage/Build/iOS",
				);
				INFOPLIST_FILE = map4dPlus/Info.plist;
				LD_RUNPATH_SEARCH_PATHS = (
					"$(inherited)",
					"@executable_path/Frameworks",
				);
				PRODUCT_BUNDLE_IDENTIFIER = com.example.map4dPlus;
				PRODUCT_NAME = "$(TARGET_NAME)";
				SWIFT_VERSION = 5.0;
				TARGETED_DEVICE_FAMILY = "1,2";
			};
			name = Release;
		};
/* End XCBuildConfiguration section */

/* Begin XCConfigurationList section */
		0458CC74227D44880079C788 /* Build configuration list for PBXProject "map4dPlus" */ = {
			isa = XCConfigurationList;
			buildConfigurations = (
				0458CC89227D44880079C788 /* Debug */,
				0458CC8A227D44880079C788 /* Release */,
			);
			defaultConfigurationIsVisible = 0;
			defaultConfigurationName = Release;
		};
		0458CC8B227D44880079C788 /* Build configuration list for PBXNativeTarget "map4dPlus" */ = {
			isa = XCConfigurationList;
			buildConfigurations = (
				0458CC8C227D44880079C788 /* Debug */,
				0458CC8D227D44880079C788 /* Release */,
			);
			defaultConfigurationIsVisible = 0;
			defaultConfigurationName = Release;
		};
/* End XCConfigurationList section */
	};
	rootObject = 0458CC71227D44880079C788 /* Project object */;
}
